
Microsoft Visual Studio Solution File, Format Version 12.00
# Visual Studio 15
VisualStudioVersion = 15.0.27703.2047
MinimumVisualStudioVersion = 10.0.40219.1
Project("{FAE04EC0-301F-11D3-BF4B-00C04F79EFBC}") = "UsersCrudMvc", "UsersCrudMvc\UsersCrudMvc.csproj", "{F965E80F-CFDA-43EF-ACCD-87C56143218A}"
EndProject
Project("{FAE04EC0-301F-11D3-BF4B-00C04F79EFBC}") = "UsersCrudMvc.Tests", "UsersCrudMvc.Tests\UsersCrudMvc.Tests.csproj", "{D20AAEBB-DEDE-4A88-A30B-407E7B365737}"
EndProject
Global
	GlobalSection(SolutionConfigurationPlatforms) = preSolution
		Debug|Any CPU = Debug|Any CPU
		Release|Any CPU = Release|Any CPU
	EndGlobalSection
	GlobalSection(ProjectConfigurationPlatforms) = postSolution
		{F965E80F-CFDA-43EF-ACCD-87C56143218A}.Debug|Any CPU.ActiveCfg = Debug|Any CPU
		{F965E80F-CFDA-43EF-ACCD-87C56143218A}.Debug|Any CPU.Build.0 = Debug|Any CPU
		{F965E80F-CFDA-43EF-ACCD-87C56143218A}.Release|Any CPU.ActiveCfg = Release|Any CPU
		{F965E80F-CFDA-43EF-ACCD-87C56143218A}.Release|Any CPU.Build.0 = Release|Any CPU
		{D20AAEBB-DEDE-4A88-A30B-407E7B365737}.Debug|Any CPU.ActiveCfg = Debug|Any CPU
		{D20AAEBB-DEDE-4A88-A30B-407E7B365737}.Debug|Any CPU.Build.0 = Debug|Any CPU
		{D20AAEBB-DEDE-4A88-A30B-407E7B365737}.Release|Any CPU.ActiveCfg = Release|Any CPU
		{D20AAEBB-DEDE-4A88-A30B-407E7B365737}.Release|Any CPU.Build.0 = Release|Any CPU
	EndGlobalSection
	GlobalSection(SolutionProperties) = preSolution
		HideSolutionNode = FALSE
	EndGlobalSection
	GlobalSection(ExtensibilityGlobals) = postSolution
		SolutionGuid = {669A284D-C4C3-4EF2-84EE-65B17CA35121}
	EndGlobalSection
EndGlobal
